lockfileVersion: 5.4

specifiers:
  '@types/lodash': ^4.14.182
  class-validator: ^0.13.2
  lodash: ^4.17.21

dependencies:
  '@types/lodash': 4.14.182
  class-validator: 0.13.2
  lodash: 4.17.21

packages:

  /@types/lodash/4.14.182:
    resolution: {integrity: sha512-/THyiqyQAP9AfARo4pF+aCGcyiQ94tX/Is2I7HofNRqoYLgN1PBoOWu2/zTA5zMxzP5EFutMtWtGAFRKUe961Q==}
    dev: false

  /class-validator/0.13.2:
    resolution: {integrity: sha512-yBUcQy07FPlGzUjoLuUfIOXzgynnQPPruyK1Ge2B74k9ROwnle1E+NxLWnUv5OLU8hA/qL5leAE9XnXq3byaBw==}
    dependencies:
      libphonenumber-js: 1.10.9
      validator: 13.7.0
    dev: false

  /libphonenumber-js/1.10.9:
    resolution: {integrity: sha512-BvPlectKyHuA8xVBU4PerKdI1t+l71F/GCh6CQhe4j5bTwibF6Jcle88kDcyvq4aW55CXxWZg7yIYhzmjgrjkQ==}
    dev: false

  /lodash/4.17.21:
    resolution: {integrity: sha512-v2kDEe57lecTulaDIuNTPy3Ry4gLGJ6Z1O3vE1krgXZNrsQ+LFTGHVxVjcXPs17LhbZVGedAJv8XZ1tvj5FvSg==}
    dev: false

  /validator/13.7.0:
    resolution: {integrity: sha512-nYXQLCBkpJ8X6ltALua9dRrZDHVYxjJ1wgskNt1lH9fzGjs3tgojGSCBjmEPwkWS1y29+DrizMTW19Pr9uB2nw==}
    engines: {node: '>= 0.10'}
    dev: false
